
Microsoft Visual Studio Solution File, Format Version 12.00
# Visual Studio Version 16
VisualStudioVersion = 16.0.31624.102
MinimumVisualStudioVersion = 10.0.40219.1
Project("{FAE04EC0-301F-11D3-BF4B-00C04F79EFBC}") = "LabTask3", "LabTask3\LabTask3.csproj", "{86B7B17F-5839-4895-861C-BA03F1AF68FF}"
EndProject
Global
	GlobalSection(SolutionConfigurationPlatforms) = preSolution
		Debug|Any CPU = Debug|Any CPU
		Release|Any CPU = Release|Any CPU
	EndGlobalSection
	GlobalSection(ProjectConfigurationPlatforms) = postSolution
		{86B7B17F-5839-4895-861C-BA03F1AF68FF}.Debug|Any CPU.ActiveCfg = Debug|Any CPU
		{86B7B17F-5839-4895-861C-BA03F1AF68FF}.Debug|Any CPU.Build.0 = Debug|Any CPU
		{86B7B17F-5839-4895-861C-BA03F1AF68FF}.Release|Any CPU.ActiveCfg = Release|Any CPU
		{86B7B17F-5839-4895-861C-BA03F1AF68FF}.Release|Any CPU.Build.0 = Release|Any CPU
	EndGlobalSection
	GlobalSection(SolutionProperties) = preSolution
		HideSolutionNode = FALSE
	EndGlobalSection
	GlobalSection(ExtensibilityGlobals) = postSolution
		SolutionGuid = {159CD5A6-DD7E-4BE1-8589-8C267DF3E8DE}
	EndGlobalSection
EndGlobal
