
Microsoft Visual Studio Solution File, Format Version 12.00
# Visual Studio Version 16
VisualStudioVersion = 16.0.31727.386
MinimumVisualStudioVersion = 10.0.40219.1
Project("{FAE04EC0-301F-11D3-BF4B-00C04F79EFBC}") = "LabTask4", "LabTask4\LabTask4.csproj", "{993AE274-A070-43FB-91E9-83BA386EE958}"
EndProject
Global
	GlobalSection(SolutionConfigurationPlatforms) = preSolution
		Debug|Any CPU = Debug|Any CPU
		Release|Any CPU = Release|Any CPU
	EndGlobalSection
	GlobalSection(ProjectConfigurationPlatforms) = postSolution
		{993AE274-A070-43FB-91E9-83BA386EE958}.Debug|Any CPU.ActiveCfg = Debug|Any CPU
		{993AE274-A070-43FB-91E9-83BA386EE958}.Debug|Any CPU.Build.0 = Debug|Any CPU
		{993AE274-A070-43FB-91E9-83BA386EE958}.Release|Any CPU.ActiveCfg = Release|Any CPU
		{993AE274-A070-43FB-91E9-83BA386EE958}.Release|Any CPU.Build.0 = Release|Any CPU
	EndGlobalSection
	GlobalSection(SolutionProperties) = preSolution
		HideSolutionNode = FALSE
	EndGlobalSection
	GlobalSection(ExtensibilityGlobals) = postSolution
		SolutionGuid = {E82C5AFA-4E61-450C-B869-93E5D7201B09}
	EndGlobalSection
EndGlobal
