
Microsoft Visual Studio Solution File, Format Version 12.00
# Visual Studio Version 16
VisualStudioVersion = 16.0.31911.196
MinimumVisualStudioVersion = 10.0.40219.1
Project("{FAE04EC0-301F-11D3-BF4B-00C04F79EFBC}") = "LoginWithValidation", "LoginWithValidation\LoginWithValidation.csproj", "{B756ACA1-B6B2-4306-83B8-8C36D31BD82B}"
EndProject
Global
	GlobalSection(SolutionConfigurationPlatforms) = preSolution
		Debug|Any CPU = Debug|Any CPU
		Release|Any CPU = Release|Any CPU
	EndGlobalSection
	GlobalSection(ProjectConfigurationPlatforms) = postSolution
		{B756ACA1-B6B2-4306-83B8-8C36D31BD82B}.Debug|Any CPU.ActiveCfg = Debug|Any CPU
		{B756ACA1-B6B2-4306-83B8-8C36D31BD82B}.Debug|Any CPU.Build.0 = Debug|Any CPU
		{B756ACA1-B6B2-4306-83B8-8C36D31BD82B}.Release|Any CPU.ActiveCfg = Release|Any CPU
		{B756ACA1-B6B2-4306-83B8-8C36D31BD82B}.Release|Any CPU.Build.0 = Release|Any CPU
	EndGlobalSection
	GlobalSection(SolutionProperties) = preSolution
		HideSolutionNode = FALSE
	EndGlobalSection
	GlobalSection(ExtensibilityGlobals) = postSolution
		SolutionGuid = {85744C12-5EC2-4D67-AA04-875A41E72302}
	EndGlobalSection
EndGlobal
